
Microsoft Visual Studio Solution File, Format Version 12.00
# Visual Studio 15
VisualStudioVersion = 15.0.27703.2035
MinimumVisualStudioVersion = 10.0.40219.1
Project("{8BC9CEB8-8B4A-11D0-8D11-00A0C91BC942}") = "sort-algorithm-compare", "sort-algorithm-compare.vcxproj", "{8E151609-1EA7-46B4-816E-0E0D02599AC5}"
EndProject
Global
	GlobalSection(SolutionConfigurationPlatforms) = preSolution
		Debug|x64 = Debug|x64
		Debug|x86 = Debug|x86
		Release|x64 = Release|x64
		Release|x86 = Release|x86
	EndGlobalSection
	GlobalSection(ProjectConfigurationPlatforms) = postSolution
		{8E151609-1EA7-46B4-816E-0E0D02599AC5}.Debug|x64.ActiveCfg = Debug|x64
		{8E151609-1EA7-46B4-816E-0E0D02599AC5}.Debug|x64.Build.0 = Debug|x64
		{8E151609-1EA7-46B4-816E-0E0D02599AC5}.Debug|x86.ActiveCfg = Debug|Win32
		{8E151609-1EA7-46B4-816E-0E0D02599AC5}.Debug|x86.Build.0 = Debug|Win32
		{8E151609-1EA7-46B4-816E-0E0D02599AC5}.Release|x64.ActiveCfg = Release|x64
		{8E151609-1EA7-46B4-816E-0E0D02599AC5}.Release|x64.Build.0 = Release|x64
		{8E151609-1EA7-46B4-816E-0E0D02599AC5}.Release|x86.ActiveCfg = Release|Win32
		{8E151609-1EA7-46B4-816E-0E0D02599AC5}.Release|x86.Build.0 = Release|Win32
	EndGlobalSection
	GlobalSection(SolutionProperties) = preSolution
		HideSolutionNode = FALSE
	EndGlobalSection
	GlobalSection(ExtensibilityGlobals) = postSolution
		SolutionGuid = {1509790C-0043-4BBE-8833-9FB7278AA570}
	EndGlobalSection
EndGlobal
